
Microsoft Visual Studio Solution File, Format Version 12.00
# Visual Studio Version 17
VisualStudioVersion = 17.11.35222.181
MinimumVisualStudioVersion = 10.0.40219.1
Project("{9A19103F-16F7-4668-BE54-9A1E7A4F7556}") = "lab3_oop", "lab3_oop.csproj", "{8AB7F6DB-5D24-4082-9C8D-E4D1A2CA9206}"
EndProject
Project("{FAE04EC0-301F-11D3-BF4B-00C04F79EFBC}") = "lab3_oop_antona", "..\lab3_oop_antona\lab3_oop_antona.csproj", "{0E46887A-BC31-484D-9E21-7ACEF1A6A025}"
EndProject
Global
	GlobalSection(SolutionConfigurationPlatforms) = preSolution
		Debug|Any CPU = Debug|Any CPU
		Release|Any CPU = Release|Any CPU
	EndGlobalSection
	GlobalSection(ProjectConfigurationPlatforms) = postSolution
		{8AB7F6DB-5D24-4082-9C8D-E4D1A2CA9206}.Debug|Any CPU.ActiveCfg = Debug|Any CPU
		{8AB7F6DB-5D24-4082-9C8D-E4D1A2CA9206}.Debug|Any CPU.Build.0 = Debug|Any CPU
		{8AB7F6DB-5D24-4082-9C8D-E4D1A2CA9206}.Release|Any CPU.ActiveCfg = Release|Any CPU
		{8AB7F6DB-5D24-4082-9C8D-E4D1A2CA9206}.Release|Any CPU.Build.0 = Release|Any CPU
		{0E46887A-BC31-484D-9E21-7ACEF1A6A025}.Debug|Any CPU.ActiveCfg = Debug|Any CPU
		{0E46887A-BC31-484D-9E21-7ACEF1A6A025}.Debug|Any CPU.Build.0 = Debug|Any CPU
		{0E46887A-BC31-484D-9E21-7ACEF1A6A025}.Release|Any CPU.ActiveCfg = Release|Any CPU
		{0E46887A-BC31-484D-9E21-7ACEF1A6A025}.Release|Any CPU.Build.0 = Release|Any CPU
	EndGlobalSection
	GlobalSection(SolutionProperties) = preSolution
		HideSolutionNode = FALSE
	EndGlobalSection
	GlobalSection(ExtensibilityGlobals) = postSolution
		SolutionGuid = {4F6BBEBC-6959-4812-A9AF-F4B3179C3B3B}
	EndGlobalSection
EndGlobal
