
Microsoft Visual Studio Solution File, Format Version 12.00
# Visual Studio Version 17
VisualStudioVersion = 17.11.35222.181
MinimumVisualStudioVersion = 10.0.40219.1
Project("{8BC9CEB8-8B4A-11D0-8D11-00A0C91BC942}") = "lab4_ks", "lab4_ks.vcxproj", "{832D0798-A3A2-4656-9D28-52D89AE5D701}"
EndProject
Global
	GlobalSection(SolutionConfigurationPlatforms) = preSolution
		Debug|x64 = Debug|x64
		Debug|x86 = Debug|x86
		Release|x64 = Release|x64
		Release|x86 = Release|x86
	EndGlobalSection
	GlobalSection(ProjectConfigurationPlatforms) = postSolution
		{832D0798-A3A2-4656-9D28-52D89AE5D701}.Debug|x64.ActiveCfg = Debug|x64
		{832D0798-A3A2-4656-9D28-52D89AE5D701}.Debug|x64.Build.0 = Debug|x64
		{832D0798-A3A2-4656-9D28-52D89AE5D701}.Debug|x86.ActiveCfg = Debug|Win32
		{832D0798-A3A2-4656-9D28-52D89AE5D701}.Debug|x86.Build.0 = Debug|Win32
		{832D0798-A3A2-4656-9D28-52D89AE5D701}.Release|x64.ActiveCfg = Release|x64
		{832D0798-A3A2-4656-9D28-52D89AE5D701}.Release|x64.Build.0 = Release|x64
		{832D0798-A3A2-4656-9D28-52D89AE5D701}.Release|x86.ActiveCfg = Release|Win32
		{832D0798-A3A2-4656-9D28-52D89AE5D701}.Release|x86.Build.0 = Release|Win32
	EndGlobalSection
	GlobalSection(SolutionProperties) = preSolution
		HideSolutionNode = FALSE
	EndGlobalSection
	GlobalSection(ExtensibilityGlobals) = postSolution
		SolutionGuid = {A65A3822-E285-4638-AFDD-01A352CD4C7C}
	EndGlobalSection
EndGlobal
