
Microsoft Visual Studio Solution File, Format Version 12.00
# Visual Studio Version 17
VisualStudioVersion = 17.11.35222.181
MinimumVisualStudioVersion = 10.0.40219.1
Project("{FAE04EC0-301F-11D3-BF4B-00C04F79EFBC}") = "lab2_crypt", "lab2_crypt.csproj", "{6B3A3781-271D-4F6F-9F39-89F11AE205DB}"
EndProject
Global
	GlobalSection(SolutionConfigurationPlatforms) = preSolution
		Debug|Any CPU = Debug|Any CPU
		Release|Any CPU = Release|Any CPU
	EndGlobalSection
	GlobalSection(ProjectConfigurationPlatforms) = postSolution
		{6B3A3781-271D-4F6F-9F39-89F11AE205DB}.Debug|Any CPU.ActiveCfg = Debug|Any CPU
		{6B3A3781-271D-4F6F-9F39-89F11AE205DB}.Debug|Any CPU.Build.0 = Debug|Any CPU
		{6B3A3781-271D-4F6F-9F39-89F11AE205DB}.Release|Any CPU.ActiveCfg = Release|Any CPU
		{6B3A3781-271D-4F6F-9F39-89F11AE205DB}.Release|Any CPU.Build.0 = Release|Any CPU
	EndGlobalSection
	GlobalSection(SolutionProperties) = preSolution
		HideSolutionNode = FALSE
	EndGlobalSection
	GlobalSection(ExtensibilityGlobals) = postSolution
		SolutionGuid = {DDFE4440-06AF-4CB9-8577-3422F3251B00}
	EndGlobalSection
EndGlobal
